<?xml version="1.0" encoding="utf-8"?>
<Project ToolsVersion="4.0" xmlns="http://schemas.microsoft.com/developer/msbuild/2003">
  <ItemGroup>
    <Filter Include="소스 파일">
      <UniqueIdentifier>{4FC737F1-C7A5-4376-A066-2A32D752A2FF}</UniqueIdentifier>
      <Extensions>cpp;c;cc;cxx;c++;cppm;ixx;def;odl;idl;hpj;bat;asm;asmx</Extensions>
    </Filter>
    <Filter Include="헤더 파일">
      <UniqueIdentifier>{93995380-89BD-4b04-88EB-625FBE52EBFB}</UniqueIdentifier>
      <Extensions>h;hh;hpp;hxx;h++;hm;inl;inc;ipp;xsd</Extensions>
    </Filter>
    <Filter Include="리소스 파일">
      <UniqueIdentifier>{67DA6AB6-F800-4c08-8B7A-83BB121AAD01}</UniqueIdentifier>
      <Extensions>rc;ico;cur;bmp;dlg;rc2;rct;bin;rgs;gif;jpg;jpeg;jpe;resx;tiff;tif;png;wav;mfcribbon-ms</Extensions>
    </Filter>
  </ItemGroup>
  <ItemGroup>
    <ClCompile Include="메인함수연습.c">
      <Filter>소스 파일</Filter>
    </ClCompile>
    <ClCompile Include="예제실습1.c">
      <Filter>소스 파일</Filter>
    </ClCompile>
    <ClCompile Include="예제실습2.c">
      <Filter>소스 파일</Filter>
    </ClCompile>
    <ClCompile Include="구조체예제.c">
      <Filter>소스 파일</Filter>
    </ClCompile>
    <ClCompile Include="구조체예제2.c">
      <Filter>소스 파일</Filter>
    </ClCompile>
    <ClCompile Include="구조체예제3.c">
      <Filter>소스 파일</Filter>
    </ClCompile>
    <ClCompile Include="구조체와함수예제1.c">
      <Filter>소스 파일</Filter>
    </ClCompile>
    <ClCompile Include="열거형예제.c">
      <Filter>소스 파일</Filter>
    </ClCompile>
    <ClCompile Include="typedef예제.c">
      <Filter>소스 파일</Filter>
    </ClCompile>
    <ClCompile Include="구조체2예제3.c">
      <Filter>소스 파일</Filter>
    </ClCompile>
    <ClCompile Include="구조체2예제4.c">
      <Filter>소스 파일</Filter>
    </ClCompile>
    <ClCompile Include="구조체2예제5.c">
      <Filter>소스 파일</Filter>
    </ClCompile>
    <ClCompile Include="구조체_연습문제1.c">
      <Filter>소스 파일</Filter>
    </ClCompile>
    <ClCompile Include="구조체_연습문제2.c">
      <Filter>소스 파일</Filter>
    </ClCompile>
    <ClCompile Include="구조체_연습문제3.c">
      <Filter>소스 파일</Filter>
    </ClCompile>
    <ClCompile Include="구조체_연습문제4.c">
      <Filter>소스 파일</Filter>
    </ClCompile>
    <ClCompile Include="구조체_연습문제5.c">
      <Filter>소스 파일</Filter>
    </ClCompile>
    <ClCompile Include="구조체_연습문제6.c">
      <Filter>소스 파일</Filter>
    </ClCompile>
    <ClCompile Include="구조체_연습문제7.c">
      <Filter>소스 파일</Filter>
    </ClCompile>
    <ClCompile Include="구조체_연습문제8.c">
      <Filter>소스 파일</Filter>
    </ClCompile>
    <ClCompile Include="구조체_연습문제8_1.c">
      <Filter>소스 파일</Filter>
    </ClCompile>
    <ClCompile Include="구조체_연습문제9.c">
      <Filter>소스 파일</Filter>
    </ClCompile>
    <ClCompile Include="구조체_연습문제10.c">
      <Filter>소스 파일</Filter>
    </ClCompile>
    <ClCompile Include="구조체_연습문제11.c">
      <Filter>소스 파일</Filter>
    </ClCompile>
    <ClCompile Include="구조체_연습문제12.c">
      <Filter>소스 파일</Filter>
    </ClCompile>
    <ClCompile Include="구조체_연습문제13.c">
      <Filter>소스 파일</Filter>
    </ClCompile>
    <ClCompile Include="구조체_연습문제14.c">
      <Filter>소스 파일</Filter>
    </ClCompile>
    <ClCompile Include="문자열배열예제.c">
      <Filter>소스 파일</Filter>
    </ClCompile>
    <ClCompile Include="배열포인터예제.c">
      <Filter>소스 파일</Filter>
    </ClCompile>
    <ClCompile Include="함수포인터예제.c">
      <Filter>소스 파일</Filter>
    </ClCompile>
    <ClCompile Include="포인터활용예제1.c">
      <Filter>소스 파일</Filter>
    </ClCompile>
    <ClCompile Include="포인터활용예제2.c">
      <Filter>소스 파일</Filter>
    </ClCompile>
    <ClCompile Include="다차원배열예제.c">
      <Filter>소스 파일</Filter>
    </ClCompile>
    <ClCompile Include="main함수의인수예제.c">
      <Filter>소스 파일</Filter>
    </ClCompile>
    <ClCompile Include="포인터활용2예제1.c">
      <Filter>소스 파일</Filter>
    </ClCompile>
    <ClCompile Include="동적예제.c">
      <Filter>소스 파일</Filter>
    </ClCompile>
    <ClCompile Include="예제.c">
      <Filter>소스 파일</Filter>
    </ClCompile>
    <ClCompile Include="포인터활용2예제2.c">
      <Filter>소스 파일</Filter>
    </ClCompile>
    <ClCompile Include="포인터활용2예제3.c">
      <Filter>소스 파일</Filter>
    </ClCompile>
    <ClCompile Include="포활용_연습문제1.c">
      <Filter>소스 파일</Filter>
    </ClCompile>
    <ClCompile Include="포활용_연습문제2.c">
      <Filter>소스 파일</Filter>
    </ClCompile>
    <ClCompile Include="파일입출력예제.c">
      <Filter>소스 파일</Filter>
    </ClCompile>
    <ClCompile Include="파일입출력예제1.c">
      <Filter>소스 파일</Filter>
    </ClCompile>
    <ClCompile Include="이진파일쓰기.c">
      <Filter>소스 파일</Filter>
    </ClCompile>
    <ClCompile Include="파일입출력예제2.c">
      <Filter>소스 파일</Filter>
    </ClCompile>
    <ClCompile Include="파일입출력예제2_1.c">
      <Filter>소스 파일</Filter>
    </ClCompile>
    <ClCompile Include="파일입출력예제3.c">
      <Filter>소스 파일</Filter>
    </ClCompile>
    <ClCompile Include="동적예제1.c">
      <Filter>소스 파일</Filter>
    </ClCompile>
    <ClCompile Include="동적예제2.c">
      <Filter>소스 파일</Filter>
    </ClCompile>
    <ClCompile Include="동적할당예제.c">
      <Filter>소스 파일</Filter>
    </ClCompile>
    <ClCompile Include="간단한연결리스트생성.c">
      <Filter>소스 파일</Filter>
    </ClCompile>
    <ClCompile Include="동적메모리예제1.c">
      <Filter>소스 파일</Filter>
    </ClCompile>
    <ClCompile Include="동적메모리예제2.c">
      <Filter>소스 파일</Filter>
    </ClCompile>
    <ClCompile Include="동적메모리예제3.c">
      <Filter>소스 파일</Filter>
    </ClCompile>
    <ClCompile Include="포활용_연습문제3.c">
      <Filter>소스 파일</Filter>
    </ClCompile>
    <ClCompile Include="포활용_연습문제4.c">
      <Filter>소스 파일</Filter>
    </ClCompile>
    <ClCompile Include="포활용_연습문제5.c">
      <Filter>소스 파일</Filter>
    </ClCompile>
    <ClCompile Include="포활용_연습문제7.c">
      <Filter>소스 파일</Filter>
    </ClCompile>
    <ClCompile Include="포활용_연습문제8.c">
      <Filter>소스 파일</Filter>
    </ClCompile>
    <ClCompile Include="동적메모리_연습문제1.c">
      <Filter>소스 파일</Filter>
    </ClCompile>
    <ClCompile Include="동적메모리_연습문제2.c">
      <Filter>소스 파일</Filter>
    </ClCompile>
    <ClCompile Include="동적메모리_연습문제3.c">
      <Filter>소스 파일</Filter>
    </ClCompile>
    <ClCompile Include="동적메모리_연습문제4.c">
      <Filter>소스 파일</Filter>
    </ClCompile>
    <ClCompile Include="파일입출력_연습문제1.c">
      <Filter>소스 파일</Filter>
    </ClCompile>
    <ClCompile Include="ex.c">
      <Filter>소스 파일</Filter>
    </ClCompile>
    <ClCompile Include="파일입출력_연습문제2.c">
      <Filter>소스 파일</Filter>
    </ClCompile>
    <ClCompile Include="파일입출력_연습문제3.c">
      <Filter>소스 파일</Filter>
    </ClCompile>
    <ClCompile Include="파일입출력_연습문제4.c">
      <Filter>소스 파일</Filter>
    </ClCompile>
    <ClCompile Include="파일입출력_연습문제6.c">
      <Filter>소스 파일</Filter>
    </ClCompile>
  </ItemGroup>
</Project>